{
  "name": "DAppNodePackage-nethermind",
  "lockfileVersion": 3,
  "requires": true,
  "packages": {
    "": {
      "dependencies": {
        "n": "^9.2.3"
      }
    },
    "node_modules/n": {
      "version": "9.2.3",
      "resolved": "https://registry.npmjs.org/n/-/n-9.2.3.tgz",
      "integrity": "sha512-iKU/fMITB+bJe0wQ6Q6THSWBpfF/f/g4elhr23Mp4TywSY0rJvaHVdkMhL9uWEdwdipAPidmTIqafI0BTJj/lQ==",
      "os": [
        "!win32"
      ],
      "bin": {
        "n": "bin/n"
      },
      "engines": {
        "node": "*"
      }
    }
  }
}
